
Microsoft Visual Studio Solution File, Format Version 11.00
# Visual Studio 2010
Project("{FAE04EC0-301F-11D3-BF4B-00C04F79EFBC}") = "RemoteScreen2", "RemoteScreen2\RemoteScreen2.csproj", "{2CD91326-D76D-4AF9-84DA-2258FFB70451}"
EndProject
Project("{FAE04EC0-301F-11D3-BF4B-00C04F79EFBC}") = "RemoteClient2", "RemoteClient\RemoteClient2.csproj", "{B366247C-5F2C-4547-BB16-2096DE910AC6}"
EndProject
Global
	GlobalSection(SolutionConfigurationPlatforms) = preSolution
		Debug|Any CPU = Debug|Any CPU
		Release|Any CPU = Release|Any CPU
	EndGlobalSection
	GlobalSection(ProjectConfigurationPlatforms) = postSolution
		{2CD91326-D76D-4AF9-84DA-2258FFB70451}.Debug|Any CPU.ActiveCfg = Debug|Any CPU
		{2CD91326-D76D-4AF9-84DA-2258FFB70451}.Debug|Any CPU.Build.0 = Debug|Any CPU
		{2CD91326-D76D-4AF9-84DA-2258FFB70451}.Release|Any CPU.ActiveCfg = Release|Any CPU
		{2CD91326-D76D-4AF9-84DA-2258FFB70451}.Release|Any CPU.Build.0 = Release|Any CPU
		{B366247C-5F2C-4547-BB16-2096DE910AC6}.Debug|Any CPU.ActiveCfg = Debug|Any CPU
		{B366247C-5F2C-4547-BB16-2096DE910AC6}.Debug|Any CPU.Build.0 = Debug|Any CPU
		{B366247C-5F2C-4547-BB16-2096DE910AC6}.Release|Any CPU.ActiveCfg = Release|Any CPU
		{B366247C-5F2C-4547-BB16-2096DE910AC6}.Release|Any CPU.Build.0 = Release|Any CPU
	EndGlobalSection
	GlobalSection(SolutionProperties) = preSolution
		HideSolutionNode = FALSE
	EndGlobalSection
EndGlobal
